
Microsoft Visual Studio Solution File, Format Version 12.00
# Visual Studio Version 17
VisualStudioVersion = 17.0.31903.59
MinimumVisualStudioVersion = 10.0.40219.1
Project("{FAE04EC0-301F-11D3-BF4B-00C04F79EFBC}") = "flx.SILQ", "flx.SILQ\flx.SILQ.csproj", "{7D302592-289E-4B0E-95C1-F99110068DBD}"
EndProject
Project("{FAE04EC0-301F-11D3-BF4B-00C04F79EFBC}") = "flx.SILQ.Tests", "flx.SILQ.Tests\flx.SILQ.Tests.csproj", "{4113F970-F2D4-4370-A175-CC315DBF639D}"
EndProject
Global
	GlobalSection(SolutionConfigurationPlatforms) = preSolution
		Debug|Any CPU = Debug|Any CPU
		Release|Any CPU = Release|Any CPU
	EndGlobalSection
	GlobalSection(SolutionProperties) = preSolution
		HideSolutionNode = FALSE
	EndGlobalSection
	GlobalSection(ProjectConfigurationPlatforms) = postSolution
		{7D302592-289E-4B0E-95C1-F99110068DBD}.Debug|Any CPU.ActiveCfg = Debug|Any CPU
		{7D302592-289E-4B0E-95C1-F99110068DBD}.Debug|Any CPU.Build.0 = Debug|Any CPU
		{7D302592-289E-4B0E-95C1-F99110068DBD}.Release|Any CPU.ActiveCfg = Release|Any CPU
		{7D302592-289E-4B0E-95C1-F99110068DBD}.Release|Any CPU.Build.0 = Release|Any CPU
		{4113F970-F2D4-4370-A175-CC315DBF639D}.Debug|Any CPU.ActiveCfg = Debug|Any CPU
		{4113F970-F2D4-4370-A175-CC315DBF639D}.Debug|Any CPU.Build.0 = Debug|Any CPU
		{4113F970-F2D4-4370-A175-CC315DBF639D}.Release|Any CPU.ActiveCfg = Release|Any CPU
		{4113F970-F2D4-4370-A175-CC315DBF639D}.Release|Any CPU.Build.0 = Release|Any CPU
	EndGlobalSection
EndGlobal
